dependencies:
- name: rabbitmq
  repository: oci://registry-1.docker.io/bitnamicharts
  version: 16.0.6
- name: minio
  repository: oci://registry-1.docker.io/bitnamicharts
  version: 17.0.1
- name: traefik
  repository: https://traefik.github.io/charts
  version: 36.0.0
- name: upload-service
  repository: oci://ghcr.io/redblood-pixel/charts
  version: 0.1.4
- name: video-processor
  repository: oci://ghcr.io/redblood-pixel/charts
  version: 0.1.1
- name: video-service
  repository: oci://ghcr.io/andrewsmooth/charts
  version: 0.1.1
digest: sha256:2441b421f0483291700b962635fe635b68a7c6681b2f8516330cea866f9af4d7
generated: "2025-06-17T19:24:34.63077419+03:00"
