dependencies:
- name: rabbitmq
  repository: oci://registry-1.docker.io/bitnamicharts
  version: 16.0.6
- name: minio
  repository: oci://registry-1.docker.io/bitnamicharts
  version: 17.0.1
- name: traefik
  repository: https://traefik.github.io/charts
  version: 36.0.0
- name: upload-service
  repository: oci://ghcr.io/redblood-pixel/charts
  version: 0.1.4
- name: video-processor
  repository: oci://ghcr.io/redblood-pixel/charts
  version: 0.1.1
digest: sha256:a5f40aa0bffa65ec54ea4926755301057866a52202d6a71ea4818705b9767abe
generated: "2025-06-13T11:52:53.606135754+03:00"
